
Microsoft Visual Studio Solution File, Format Version 12.00
# Visual Studio 2012
Project("{FAE04EC0-301F-11D3-BF4B-00C04F79EFBC}") = "TestAutoCompleteExtender", "TestAutoCompleteExtender\TestAutoCompleteExtender.csproj", "{6CEAE1F5-74E0-4FD9-AB0B-C3B6423D2FFC}"
EndProject
Global
	GlobalSection(SolutionConfigurationPlatforms) = preSolution
		Debug|Any CPU = Debug|Any CPU
		Release|Any CPU = Release|Any CPU
	EndGlobalSection
	GlobalSection(ProjectConfigurationPlatforms) = postSolution
		{6CEAE1F5-74E0-4FD9-AB0B-C3B6423D2FFC}.Debug|Any CPU.ActiveCfg = Debug|Any CPU
		{6CEAE1F5-74E0-4FD9-AB0B-C3B6423D2FFC}.Debug|Any CPU.Build.0 = Debug|Any CPU
		{6CEAE1F5-74E0-4FD9-AB0B-C3B6423D2FFC}.Release|Any CPU.ActiveCfg = Release|Any CPU
		{6CEAE1F5-74E0-4FD9-AB0B-C3B6423D2FFC}.Release|Any CPU.Build.0 = Release|Any CPU
	EndGlobalSection
	GlobalSection(SolutionProperties) = preSolution
		HideSolutionNode = FALSE
	EndGlobalSection
EndGlobal
